
Microsoft Visual Studio Solution File, Format Version 12.00
# Visual Studio 14
VisualStudioVersion = 14.0.25420.1
MinimumVisualStudioVersion = 10.0.40219.1
Project("{FAE04EC0-301F-11D3-BF4B-00C04F79EFBC}") = "Skill 1.1 PLINQ", "Chapter 1 Skill 1.1 PLINQ\Skill 1.1 PLINQ.csproj", "{1FD14783-7161-49C0-B9E5-18B6E8C35236}"
EndProject
Project("{FAE04EC0-301F-11D3-BF4B-00C04F79EFBC}") = "Skill 1.1 TASK", "Chapter 1 Skill 1.1 TASK\Skill 1.1 TASK.csproj", "{C5AF9A99-D5FF-4293-A3CF-4E0280353259}"
EndProject
Project("{FAE04EC0-301F-11D3-BF4B-00C04F79EFBC}") = "Skill 1.1 THREADS", "Skill 1.1 THREADS\Skill 1.1 THREADS.csproj", "{01394C33-6461-401A-887E-6D7D996CE561}"
EndProject
Project("{FAE04EC0-301F-11D3-BF4B-00C04F79EFBC}") = "Skill 1.1 PARALLEL", "Skill 1.1 PARALLEL\Skill 1.1 PARALLEL.csproj", "{A6B2F0E1-6BA7-4B4C-A3A3-C14A4F57E7CF}"
EndProject
Project("{FAE04EC0-301F-11D3-BF4B-00C04F79EFBC}") = "Skill 1.1 AWAIT-ASYNC", "AWAIT-ASYNC\Skill 1.1 AWAIT-ASYNC.csproj", "{268C53DA-0ABA-45A3-84AD-FD3739A46F1D}"
EndProject
Project("{FAE04EC0-301F-11D3-BF4B-00C04F79EFBC}") = "Skill 1.1 CONCURRENT COLLECTIONS", "Skill 1.1 CONCURRENT COLLECTIONS\Skill 1.1 CONCURRENT COLLECTIONS.csproj", "{58522B23-848F-49DC-9800-DCA4D9874F7D}"
EndProject
Project("{FAE04EC0-301F-11D3-BF4B-00C04F79EFBC}") = "Skill 1.2 Manage Multithreading", "Skill 1.2 Manage Multithreading\Skill 1.2 Manage Multithreading.csproj", "{35497431-E886-48C8-982A-5AF34D15C685}"
EndProject
Global
	GlobalSection(SolutionConfigurationPlatforms) = preSolution
		Debug|Any CPU = Debug|Any CPU
		Release|Any CPU = Release|Any CPU
	EndGlobalSection
	GlobalSection(ProjectConfigurationPlatforms) = postSolution
		{1FD14783-7161-49C0-B9E5-18B6E8C35236}.Debug|Any CPU.ActiveCfg = Debug|Any CPU
		{1FD14783-7161-49C0-B9E5-18B6E8C35236}.Debug|Any CPU.Build.0 = Debug|Any CPU
		{1FD14783-7161-49C0-B9E5-18B6E8C35236}.Release|Any CPU.ActiveCfg = Release|Any CPU
		{1FD14783-7161-49C0-B9E5-18B6E8C35236}.Release|Any CPU.Build.0 = Release|Any CPU
		{C5AF9A99-D5FF-4293-A3CF-4E0280353259}.Debug|Any CPU.ActiveCfg = Debug|Any CPU
		{C5AF9A99-D5FF-4293-A3CF-4E0280353259}.Debug|Any CPU.Build.0 = Debug|Any CPU
		{C5AF9A99-D5FF-4293-A3CF-4E0280353259}.Release|Any CPU.ActiveCfg = Release|Any CPU
		{C5AF9A99-D5FF-4293-A3CF-4E0280353259}.Release|Any CPU.Build.0 = Release|Any CPU
		{01394C33-6461-401A-887E-6D7D996CE561}.Debug|Any CPU.ActiveCfg = Debug|Any CPU
		{01394C33-6461-401A-887E-6D7D996CE561}.Debug|Any CPU.Build.0 = Debug|Any CPU
		{01394C33-6461-401A-887E-6D7D996CE561}.Release|Any CPU.ActiveCfg = Release|Any CPU
		{01394C33-6461-401A-887E-6D7D996CE561}.Release|Any CPU.Build.0 = Release|Any CPU
		{A6B2F0E1-6BA7-4B4C-A3A3-C14A4F57E7CF}.Debug|Any CPU.ActiveCfg = Debug|Any CPU
		{A6B2F0E1-6BA7-4B4C-A3A3-C14A4F57E7CF}.Debug|Any CPU.Build.0 = Debug|Any CPU
		{A6B2F0E1-6BA7-4B4C-A3A3-C14A4F57E7CF}.Release|Any CPU.ActiveCfg = Release|Any CPU
		{A6B2F0E1-6BA7-4B4C-A3A3-C14A4F57E7CF}.Release|Any CPU.Build.0 = Release|Any CPU
		{268C53DA-0ABA-45A3-84AD-FD3739A46F1D}.Debug|Any CPU.ActiveCfg = Debug|Any CPU
		{268C53DA-0ABA-45A3-84AD-FD3739A46F1D}.Debug|Any CPU.Build.0 = Debug|Any CPU
		{268C53DA-0ABA-45A3-84AD-FD3739A46F1D}.Release|Any CPU.ActiveCfg = Release|Any CPU
		{268C53DA-0ABA-45A3-84AD-FD3739A46F1D}.Release|Any CPU.Build.0 = Release|Any CPU
		{58522B23-848F-49DC-9800-DCA4D9874F7D}.Debug|Any CPU.ActiveCfg = Debug|Any CPU
		{58522B23-848F-49DC-9800-DCA4D9874F7D}.Debug|Any CPU.Build.0 = Debug|Any CPU
		{58522B23-848F-49DC-9800-DCA4D9874F7D}.Release|Any CPU.ActiveCfg = Release|Any CPU
		{58522B23-848F-49DC-9800-DCA4D9874F7D}.Release|Any CPU.Build.0 = Release|Any CPU
		{35497431-E886-48C8-982A-5AF34D15C685}.Debug|Any CPU.ActiveCfg = Debug|Any CPU
		{35497431-E886-48C8-982A-5AF34D15C685}.Debug|Any CPU.Build.0 = Debug|Any CPU
		{35497431-E886-48C8-982A-5AF34D15C685}.Release|Any CPU.ActiveCfg = Release|Any CPU
		{35497431-E886-48C8-982A-5AF34D15C685}.Release|Any CPU.Build.0 = Release|Any CPU
	EndGlobalSection
	GlobalSection(SolutionProperties) = preSolution
		HideSolutionNode = FALSE
	EndGlobalSection
EndGlobal
