
Microsoft Visual Studio Solution File, Format Version 12.00
# Visual Studio 14
VisualStudioVersion = 14.0.25420.1
MinimumVisualStudioVersion = 10.0.40219.1
Project("{FAE04EC0-301F-11D3-BF4B-00C04F79EFBC}") = "Skill 1.1 PLINQ", "Chapter 1 Skill 1.1 PLINQ\Skill 1.1 PLINQ.csproj", "{1FD14783-7161-49C0-B9E5-18B6E8C35236}"
EndProject
Project("{FAE04EC0-301F-11D3-BF4B-00C04F79EFBC}") = "Skill 1.1 TASK", "Chapter 1 Skill 1.1 TASK\Skill 1.1 TASK.csproj", "{C5AF9A99-D5FF-4293-A3CF-4E0280353259}"
EndProject
Project("{FAE04EC0-301F-11D3-BF4B-00C04F79EFBC}") = "Skill 1.1 THREADS", "Skill 1.1 THREADS\Skill 1.1 THREADS.csproj", "{01394C33-6461-401A-887E-6D7D996CE561}"
EndProject
Project("{FAE04EC0-301F-11D3-BF4B-00C04F79EFBC}") = "Skill 1.1 PARALLEL", "Skill 1.1 PARALLEL\Skill 1.1 PARALLEL.csproj", "{A6B2F0E1-6BA7-4B4C-A3A3-C14A4F57E7CF}"
EndProject
Project("{FAE04EC0-301F-11D3-BF4B-00C04F79EFBC}") = "Skill 1.1 AWAIT-ASYNC", "AWAIT-ASYNC\Skill 1.1 AWAIT-ASYNC.csproj", "{268C53DA-0ABA-45A3-84AD-FD3739A46F1D}"
EndProject
Project("{FAE04EC0-301F-11D3-BF4B-00C04F79EFBC}") = "Skill 1.1 CONCURRENT COLLECTIONS", "Skill 1.1 CONCURRENT COLLECTIONS\Skill 1.1 CONCURRENT COLLECTIONS.csproj", "{58522B23-848F-49DC-9800-DCA4D9874F7D}"
EndProject
Project("{FAE04EC0-301F-11D3-BF4B-00C04F79EFBC}") = "Skill 1.2 Manage Multithreading", "Skill 1.2 Manage Multithreading\Skill 1.2 Manage Multithreading.csproj", "{35497431-E886-48C8-982A-5AF34D15C685}"
EndProject
Project("{FAE04EC0-301F-11D3-BF4B-00C04F79EFBC}") = "Skill 1.4 Action Delegate", "Skill 1.4 Action Delegate\Skill 1.4 Action Delegate.csproj", "{FD4AFB92-4D1C-4608-9452-9D42CFA538CF}"
EndProject
Project("{FAE04EC0-301F-11D3-BF4B-00C04F79EFBC}") = "Skill 1.5 Exceptions", "Skill 1.5 Exceptions\Skill 1.5 Exceptions.csproj", "{E4D3F3DF-011D-4C20-99B9-D0F0881FEC7C}"
EndProject
Project("{2150E333-8FDC-42A3-9474-1A3956D46DE8}") = "Skill 1", "Skill 1", "{C1BEC88F-E62B-425B-A958-F270A60F6316}"
EndProject
Project("{2150E333-8FDC-42A3-9474-1A3956D46DE8}") = "Skill 2", "Skill 2", "{468D6FA4-D88F-4A37-8E6B-9C32799AD902}"
EndProject
Project("{FAE04EC0-301F-11D3-BF4B-00C04F79EFBC}") = "Skill 2.1 Value and Reference Types", "Skill 2.1 Value and Reference Types\Skill 2.1 Value and Reference Types.csproj", "{5F3F6419-97DE-43B8-8803-B63EBFC98CC1}"
EndProject
Project("{FAE04EC0-301F-11D3-BF4B-00C04F79EFBC}") = "Skill 2.6 Generic Types", "Skill 2.6 Generic Types\Skill 2.6 Generic Types.csproj", "{EFA5CE14-6311-4320-9ACA-F0E525ECB31E}"
EndProject
Project("{FAE04EC0-301F-11D3-BF4B-00C04F79EFBC}") = "Extension Methods", "Extension Methods\Extension Methods.csproj", "{1B507A39-D215-4155-A18A-E0412AEEB8EE}"
EndProject
Project("{FAE04EC0-301F-11D3-BF4B-00C04F79EFBC}") = "Method Overriding", "Method Overriding\Method Overriding.csproj", "{F80C2956-8C5C-44F4-8612-A34DDC72DA6E}"
EndProject
Project("{FAE04EC0-301F-11D3-BF4B-00C04F79EFBC}") = "Skill 2.21 Boxing and Unboxing", "Skill 2.21 Boxing and Unboxing\Skill 2.21 Boxing and Unboxing.csproj", "{D0287394-7B5F-412C-8243-469AECA83ADF}"
EndProject
Project("{FAE04EC0-301F-11D3-BF4B-00C04F79EFBC}") = "Skill 2.26 COM interopt", "Skill 2.26 COM interopt\Skill 2.26 COM interopt.csproj", "{E6DF53A0-7C77-4C1E-ABB8-1FFEBC7B8BC0}"
EndProject
Global
	GlobalSection(SolutionConfigurationPlatforms) = preSolution
		Debug|Any CPU = Debug|Any CPU
		Release|Any CPU = Release|Any CPU
	EndGlobalSection
	GlobalSection(ProjectConfigurationPlatforms) = postSolution
		{1FD14783-7161-49C0-B9E5-18B6E8C35236}.Debug|Any CPU.ActiveCfg = Debug|Any CPU
		{1FD14783-7161-49C0-B9E5-18B6E8C35236}.Debug|Any CPU.Build.0 = Debug|Any CPU
		{1FD14783-7161-49C0-B9E5-18B6E8C35236}.Release|Any CPU.ActiveCfg = Release|Any CPU
		{1FD14783-7161-49C0-B9E5-18B6E8C35236}.Release|Any CPU.Build.0 = Release|Any CPU
		{C5AF9A99-D5FF-4293-A3CF-4E0280353259}.Debug|Any CPU.ActiveCfg = Debug|Any CPU
		{C5AF9A99-D5FF-4293-A3CF-4E0280353259}.Debug|Any CPU.Build.0 = Debug|Any CPU
		{C5AF9A99-D5FF-4293-A3CF-4E0280353259}.Release|Any CPU.ActiveCfg = Release|Any CPU
		{C5AF9A99-D5FF-4293-A3CF-4E0280353259}.Release|Any CPU.Build.0 = Release|Any CPU
		{01394C33-6461-401A-887E-6D7D996CE561}.Debug|Any CPU.ActiveCfg = Debug|Any CPU
		{01394C33-6461-401A-887E-6D7D996CE561}.Debug|Any CPU.Build.0 = Debug|Any CPU
		{01394C33-6461-401A-887E-6D7D996CE561}.Release|Any CPU.ActiveCfg = Release|Any CPU
		{01394C33-6461-401A-887E-6D7D996CE561}.Release|Any CPU.Build.0 = Release|Any CPU
		{A6B2F0E1-6BA7-4B4C-A3A3-C14A4F57E7CF}.Debug|Any CPU.ActiveCfg = Debug|Any CPU
		{A6B2F0E1-6BA7-4B4C-A3A3-C14A4F57E7CF}.Debug|Any CPU.Build.0 = Debug|Any CPU
		{A6B2F0E1-6BA7-4B4C-A3A3-C14A4F57E7CF}.Release|Any CPU.ActiveCfg = Release|Any CPU
		{A6B2F0E1-6BA7-4B4C-A3A3-C14A4F57E7CF}.Release|Any CPU.Build.0 = Release|Any CPU
		{268C53DA-0ABA-45A3-84AD-FD3739A46F1D}.Debug|Any CPU.ActiveCfg = Debug|Any CPU
		{268C53DA-0ABA-45A3-84AD-FD3739A46F1D}.Debug|Any CPU.Build.0 = Debug|Any CPU
		{268C53DA-0ABA-45A3-84AD-FD3739A46F1D}.Release|Any CPU.ActiveCfg = Release|Any CPU
		{268C53DA-0ABA-45A3-84AD-FD3739A46F1D}.Release|Any CPU.Build.0 = Release|Any CPU
		{58522B23-848F-49DC-9800-DCA4D9874F7D}.Debug|Any CPU.ActiveCfg = Debug|Any CPU
		{58522B23-848F-49DC-9800-DCA4D9874F7D}.Debug|Any CPU.Build.0 = Debug|Any CPU
		{58522B23-848F-49DC-9800-DCA4D9874F7D}.Release|Any CPU.ActiveCfg = Release|Any CPU
		{58522B23-848F-49DC-9800-DCA4D9874F7D}.Release|Any CPU.Build.0 = Release|Any CPU
		{35497431-E886-48C8-982A-5AF34D15C685}.Debug|Any CPU.ActiveCfg = Debug|Any CPU
		{35497431-E886-48C8-982A-5AF34D15C685}.Debug|Any CPU.Build.0 = Debug|Any CPU
		{35497431-E886-48C8-982A-5AF34D15C685}.Release|Any CPU.ActiveCfg = Release|Any CPU
		{35497431-E886-48C8-982A-5AF34D15C685}.Release|Any CPU.Build.0 = Release|Any CPU
		{FD4AFB92-4D1C-4608-9452-9D42CFA538CF}.Debug|Any CPU.ActiveCfg = Debug|Any CPU
		{FD4AFB92-4D1C-4608-9452-9D42CFA538CF}.Debug|Any CPU.Build.0 = Debug|Any CPU
		{FD4AFB92-4D1C-4608-9452-9D42CFA538CF}.Release|Any CPU.ActiveCfg = Release|Any CPU
		{FD4AFB92-4D1C-4608-9452-9D42CFA538CF}.Release|Any CPU.Build.0 = Release|Any CPU
		{E4D3F3DF-011D-4C20-99B9-D0F0881FEC7C}.Debug|Any CPU.ActiveCfg = Debug|Any CPU
		{E4D3F3DF-011D-4C20-99B9-D0F0881FEC7C}.Debug|Any CPU.Build.0 = Debug|Any CPU
		{E4D3F3DF-011D-4C20-99B9-D0F0881FEC7C}.Release|Any CPU.ActiveCfg = Release|Any CPU
		{E4D3F3DF-011D-4C20-99B9-D0F0881FEC7C}.Release|Any CPU.Build.0 = Release|Any CPU
		{5F3F6419-97DE-43B8-8803-B63EBFC98CC1}.Debug|Any CPU.ActiveCfg = Debug|Any CPU
		{5F3F6419-97DE-43B8-8803-B63EBFC98CC1}.Debug|Any CPU.Build.0 = Debug|Any CPU
		{5F3F6419-97DE-43B8-8803-B63EBFC98CC1}.Release|Any CPU.ActiveCfg = Release|Any CPU
		{5F3F6419-97DE-43B8-8803-B63EBFC98CC1}.Release|Any CPU.Build.0 = Release|Any CPU
		{EFA5CE14-6311-4320-9ACA-F0E525ECB31E}.Debug|Any CPU.ActiveCfg = Debug|Any CPU
		{EFA5CE14-6311-4320-9ACA-F0E525ECB31E}.Debug|Any CPU.Build.0 = Debug|Any CPU
		{EFA5CE14-6311-4320-9ACA-F0E525ECB31E}.Release|Any CPU.ActiveCfg = Release|Any CPU
		{EFA5CE14-6311-4320-9ACA-F0E525ECB31E}.Release|Any CPU.Build.0 = Release|Any CPU
		{1B507A39-D215-4155-A18A-E0412AEEB8EE}.Debug|Any CPU.ActiveCfg = Debug|Any CPU
		{1B507A39-D215-4155-A18A-E0412AEEB8EE}.Debug|Any CPU.Build.0 = Debug|Any CPU
		{1B507A39-D215-4155-A18A-E0412AEEB8EE}.Release|Any CPU.ActiveCfg = Release|Any CPU
		{1B507A39-D215-4155-A18A-E0412AEEB8EE}.Release|Any CPU.Build.0 = Release|Any CPU
		{F80C2956-8C5C-44F4-8612-A34DDC72DA6E}.Debug|Any CPU.ActiveCfg = Debug|Any CPU
		{F80C2956-8C5C-44F4-8612-A34DDC72DA6E}.Debug|Any CPU.Build.0 = Debug|Any CPU
		{F80C2956-8C5C-44F4-8612-A34DDC72DA6E}.Release|Any CPU.ActiveCfg = Release|Any CPU
		{F80C2956-8C5C-44F4-8612-A34DDC72DA6E}.Release|Any CPU.Build.0 = Release|Any CPU
		{D0287394-7B5F-412C-8243-469AECA83ADF}.Debug|Any CPU.ActiveCfg = Debug|Any CPU
		{D0287394-7B5F-412C-8243-469AECA83ADF}.Debug|Any CPU.Build.0 = Debug|Any CPU
		{D0287394-7B5F-412C-8243-469AECA83ADF}.Release|Any CPU.ActiveCfg = Release|Any CPU
		{D0287394-7B5F-412C-8243-469AECA83ADF}.Release|Any CPU.Build.0 = Release|Any CPU
		{E6DF53A0-7C77-4C1E-ABB8-1FFEBC7B8BC0}.Debug|Any CPU.ActiveCfg = Debug|Any CPU
		{E6DF53A0-7C77-4C1E-ABB8-1FFEBC7B8BC0}.Debug|Any CPU.Build.0 = Debug|Any CPU
		{E6DF53A0-7C77-4C1E-ABB8-1FFEBC7B8BC0}.Release|Any CPU.ActiveCfg = Release|Any CPU
		{E6DF53A0-7C77-4C1E-ABB8-1FFEBC7B8BC0}.Release|Any CPU.Build.0 = Release|Any CPU
	EndGlobalSection
	GlobalSection(SolutionProperties) = preSolution
		HideSolutionNode = FALSE
	EndGlobalSection
	GlobalSection(NestedProjects) = preSolution
		{1FD14783-7161-49C0-B9E5-18B6E8C35236} = {C1BEC88F-E62B-425B-A958-F270A60F6316}
		{C5AF9A99-D5FF-4293-A3CF-4E0280353259} = {C1BEC88F-E62B-425B-A958-F270A60F6316}
		{01394C33-6461-401A-887E-6D7D996CE561} = {C1BEC88F-E62B-425B-A958-F270A60F6316}
		{A6B2F0E1-6BA7-4B4C-A3A3-C14A4F57E7CF} = {C1BEC88F-E62B-425B-A958-F270A60F6316}
		{268C53DA-0ABA-45A3-84AD-FD3739A46F1D} = {C1BEC88F-E62B-425B-A958-F270A60F6316}
		{58522B23-848F-49DC-9800-DCA4D9874F7D} = {C1BEC88F-E62B-425B-A958-F270A60F6316}
		{35497431-E886-48C8-982A-5AF34D15C685} = {C1BEC88F-E62B-425B-A958-F270A60F6316}
		{FD4AFB92-4D1C-4608-9452-9D42CFA538CF} = {C1BEC88F-E62B-425B-A958-F270A60F6316}
		{E4D3F3DF-011D-4C20-99B9-D0F0881FEC7C} = {C1BEC88F-E62B-425B-A958-F270A60F6316}
		{5F3F6419-97DE-43B8-8803-B63EBFC98CC1} = {468D6FA4-D88F-4A37-8E6B-9C32799AD902}
		{EFA5CE14-6311-4320-9ACA-F0E525ECB31E} = {468D6FA4-D88F-4A37-8E6B-9C32799AD902}
		{1B507A39-D215-4155-A18A-E0412AEEB8EE} = {468D6FA4-D88F-4A37-8E6B-9C32799AD902}
		{F80C2956-8C5C-44F4-8612-A34DDC72DA6E} = {468D6FA4-D88F-4A37-8E6B-9C32799AD902}
		{D0287394-7B5F-412C-8243-469AECA83ADF} = {468D6FA4-D88F-4A37-8E6B-9C32799AD902}
		{E6DF53A0-7C77-4C1E-ABB8-1FFEBC7B8BC0} = {468D6FA4-D88F-4A37-8E6B-9C32799AD902}
	EndGlobalSection
	GlobalSection(ExtensibilityGlobals) = postSolution
		SolutionGuid = {08B21C71-72C3-492F-9428-F915FCEC1EFF}
	EndGlobalSection
EndGlobal
